{
  "name": "monorepo-playground",
  "lockfileVersion": 3,
  "requires": true,
  "packages": {
    "": {
      "name": "monorepo-playground",
      "workspaces": [
        "packages/*"
      ]
    },
    "node_modules/a": {
      "resolved": "packages/a",
      "link": true
    },
    "node_modules/b": {
      "resolved": "packages/b",
      "link": true
    },
    "packages/a": {
      "dependencies": {
        "a": "*"
      }
    },
    "packages/b": {}
  }
}
